
Microsoft Visual Studio Solution File, Format Version 12.00
# Visual Studio Version 17
VisualStudioVersion = 17.7.34024.191
MinimumVisualStudioVersion = 10.0.40219.1
Project("{FAE04EC0-301F-11D3-BF4B-00C04F79EFBC}") = "bancomat2", "bancomat2\bancomat2.csproj", "{6717174A-FB64-4987-86B3-DCEF203CB37A}"
EndProject
Global
	GlobalSection(SolutionConfigurationPlatforms) = preSolution
		Debug|Any CPU = Debug|Any CPU
		Release|Any CPU = Release|Any CPU
	EndGlobalSection
	GlobalSection(ProjectConfigurationPlatforms) = postSolution
		{6717174A-FB64-4987-86B3-DCEF203CB37A}.Debug|Any CPU.ActiveCfg = Debug|Any CPU
		{6717174A-FB64-4987-86B3-DCEF203CB37A}.Debug|Any CPU.Build.0 = Debug|Any CPU
		{6717174A-FB64-4987-86B3-DCEF203CB37A}.Release|Any CPU.ActiveCfg = Release|Any CPU
		{6717174A-FB64-4987-86B3-DCEF203CB37A}.Release|Any CPU.Build.0 = Release|Any CPU
	EndGlobalSection
	GlobalSection(SolutionProperties) = preSolution
		HideSolutionNode = FALSE
	EndGlobalSection
	GlobalSection(ExtensibilityGlobals) = postSolution
		SolutionGuid = {D2674656-93A4-4035-BBED-080CD69BB82C}
	EndGlobalSection
EndGlobal
